
Microsoft Visual Studio Solution File, Format Version 12.00
# Visual Studio Version 16
VisualStudioVersion = 16.0.30717.126
MinimumVisualStudioVersion = 10.0.40219.1
Project("{9A19103F-16F7-4668-BE54-9A1E7A4F7556}") = "FirstDotNetApplication", "FirstDotNetApplication\FirstDotNetApplication.csproj", "{0BE4DE3E-EB95-4CE8-BB6F-B1695984BE33}"
EndProject
Project("{9A19103F-16F7-4668-BE54-9A1E7A4F7556}") = "FirstDotnetApplication_ServiceLayer", "FirstDotnetApplication_ServiceLayer\FirstDotnetApplication_ServiceLayer.csproj", "{A85AA6B3-EFD7-4225-9F98-E0D6461673CF}"
EndProject
Project("{9A19103F-16F7-4668-BE54-9A1E7A4F7556}") = "FirstDotNetApplication_RepositoryLayer", "FirstDotNetApplication_RepositoryLayer\FirstDotNetApplication_RepositoryLayer.csproj", "{0BFCEFCB-DC64-41F0-A95F-39FCAEB19758}"
EndProject
Project("{9A19103F-16F7-4668-BE54-9A1E7A4F7556}") = "FirstDotNetApplication_DataLayer", "FirstDotNetApplication_DataLayer\FirstDotNetApplication_DataLayer.csproj", "{36ADC01C-C405-4BE4-9DAE-F3A0577BAB8A}"
EndProject
Project("{FAE04EC0-301F-11D3-BF4B-00C04F79EFBC}") = "FirstDotnetApplication_UnitTest", "FirstDotnetApplication_UnitTest\FirstDotnetApplication_UnitTest.csproj", "{A2F83754-A9B7-4E3A-9C80-595D8709F619}"
EndProject
Global
	GlobalSection(SolutionConfigurationPlatforms) = preSolution
		Debug|Any CPU = Debug|Any CPU
		Release|Any CPU = Release|Any CPU
	EndGlobalSection
	GlobalSection(ProjectConfigurationPlatforms) = postSolution
		{0BE4DE3E-EB95-4CE8-BB6F-B1695984BE33}.Debug|Any CPU.ActiveCfg = Debug|Any CPU
		{0BE4DE3E-EB95-4CE8-BB6F-B1695984BE33}.Debug|Any CPU.Build.0 = Debug|Any CPU
		{0BE4DE3E-EB95-4CE8-BB6F-B1695984BE33}.Release|Any CPU.ActiveCfg = Release|Any CPU
		{0BE4DE3E-EB95-4CE8-BB6F-B1695984BE33}.Release|Any CPU.Build.0 = Release|Any CPU
		{A85AA6B3-EFD7-4225-9F98-E0D6461673CF}.Debug|Any CPU.ActiveCfg = Debug|Any CPU
		{A85AA6B3-EFD7-4225-9F98-E0D6461673CF}.Debug|Any CPU.Build.0 = Debug|Any CPU
		{A85AA6B3-EFD7-4225-9F98-E0D6461673CF}.Release|Any CPU.ActiveCfg = Release|Any CPU
		{A85AA6B3-EFD7-4225-9F98-E0D6461673CF}.Release|Any CPU.Build.0 = Release|Any CPU
		{0BFCEFCB-DC64-41F0-A95F-39FCAEB19758}.Debug|Any CPU.ActiveCfg = Debug|Any CPU
		{0BFCEFCB-DC64-41F0-A95F-39FCAEB19758}.Debug|Any CPU.Build.0 = Debug|Any CPU
		{0BFCEFCB-DC64-41F0-A95F-39FCAEB19758}.Release|Any CPU.ActiveCfg = Release|Any CPU
		{0BFCEFCB-DC64-41F0-A95F-39FCAEB19758}.Release|Any CPU.Build.0 = Release|Any CPU
		{36ADC01C-C405-4BE4-9DAE-F3A0577BAB8A}.Debug|Any CPU.ActiveCfg = Debug|Any CPU
		{36ADC01C-C405-4BE4-9DAE-F3A0577BAB8A}.Debug|Any CPU.Build.0 = Debug|Any CPU
		{36ADC01C-C405-4BE4-9DAE-F3A0577BAB8A}.Release|Any CPU.ActiveCfg = Release|Any CPU
		{36ADC01C-C405-4BE4-9DAE-F3A0577BAB8A}.Release|Any CPU.Build.0 = Release|Any CPU
		{A2F83754-A9B7-4E3A-9C80-595D8709F619}.Debug|Any CPU.ActiveCfg = Debug|Any CPU
		{A2F83754-A9B7-4E3A-9C80-595D8709F619}.Debug|Any CPU.Build.0 = Debug|Any CPU
		{A2F83754-A9B7-4E3A-9C80-595D8709F619}.Release|Any CPU.ActiveCfg = Release|Any CPU
		{A2F83754-A9B7-4E3A-9C80-595D8709F619}.Release|Any CPU.Build.0 = Release|Any CPU
	EndGlobalSection
	GlobalSection(SolutionProperties) = preSolution
		HideSolutionNode = FALSE
	EndGlobalSection
	GlobalSection(ExtensibilityGlobals) = postSolution
		SolutionGuid = {75F5C263-8CE9-4DD8-95E2-074ED1B7A779}
	EndGlobalSection
EndGlobal
